
Microsoft Visual Studio Solution File, Format Version 12.00
# Visual Studio Version 17
VisualStudioVersion = 17.10.34916.146
MinimumVisualStudioVersion = 10.0.40219.1
Project("{FAE04EC0-301F-11D3-BF4B-00C04F79EFBC}") = "Contracts", "Contracts\Contracts.csproj", "{C4D44AD7-9B18-4716-92D2-100B713108B8}"
EndProject
Project("{FAE04EC0-301F-11D3-BF4B-00C04F79EFBC}") = "LoggerService", "LoggerService\LoggerService.csproj", "{835416E3-4075-43B0-A737-FF2D1F7E012C}"
EndProject
Project("{FAE04EC0-301F-11D3-BF4B-00C04F79EFBC}") = "Entities", "Entities\Entities.csproj", "{40DD880D-DA68-47F5-89BF-44E67F1EE80C}"
EndProject
Project("{FAE04EC0-301F-11D3-BF4B-00C04F79EFBC}") = "Repository", "Repository\Repository.csproj", "{22D76F8C-4107-46A1-BCB9-D1A715B74888}"
EndProject
Project("{FAE04EC0-301F-11D3-BF4B-00C04F79EFBC}") = "Service", "Service\Service.csproj", "{31E03309-8C83-4C9C-9482-4DB62E324691}"
EndProject
Project("{FAE04EC0-301F-11D3-BF4B-00C04F79EFBC}") = "Presentation", "Presentation\Presentation.csproj", "{47C2B6C1-01AA-4CA5-9856-2CF798473774}"
EndProject
Project("{FAE04EC0-301F-11D3-BF4B-00C04F79EFBC}") = "WebAPI", "WebAPI\WebAPI.csproj", "{20936495-FEC2-49D4-AFFB-17C9C0225FC1}"
EndProject
Global
	GlobalSection(SolutionConfigurationPlatforms) = preSolution
		Debug|Any CPU = Debug|Any CPU
		Release|Any CPU = Release|Any CPU
	EndGlobalSection
	GlobalSection(ProjectConfigurationPlatforms) = postSolution
		{C4D44AD7-9B18-4716-92D2-100B713108B8}.Debug|Any CPU.ActiveCfg = Debug|Any CPU
		{C4D44AD7-9B18-4716-92D2-100B713108B8}.Debug|Any CPU.Build.0 = Debug|Any CPU
		{C4D44AD7-9B18-4716-92D2-100B713108B8}.Release|Any CPU.ActiveCfg = Release|Any CPU
		{C4D44AD7-9B18-4716-92D2-100B713108B8}.Release|Any CPU.Build.0 = Release|Any CPU
		{835416E3-4075-43B0-A737-FF2D1F7E012C}.Debug|Any CPU.ActiveCfg = Debug|Any CPU
		{835416E3-4075-43B0-A737-FF2D1F7E012C}.Debug|Any CPU.Build.0 = Debug|Any CPU
		{835416E3-4075-43B0-A737-FF2D1F7E012C}.Release|Any CPU.ActiveCfg = Release|Any CPU
		{835416E3-4075-43B0-A737-FF2D1F7E012C}.Release|Any CPU.Build.0 = Release|Any CPU
		{40DD880D-DA68-47F5-89BF-44E67F1EE80C}.Debug|Any CPU.ActiveCfg = Debug|Any CPU
		{40DD880D-DA68-47F5-89BF-44E67F1EE80C}.Debug|Any CPU.Build.0 = Debug|Any CPU
		{40DD880D-DA68-47F5-89BF-44E67F1EE80C}.Release|Any CPU.ActiveCfg = Release|Any CPU
		{40DD880D-DA68-47F5-89BF-44E67F1EE80C}.Release|Any CPU.Build.0 = Release|Any CPU
		{22D76F8C-4107-46A1-BCB9-D1A715B74888}.Debug|Any CPU.ActiveCfg = Debug|Any CPU
		{22D76F8C-4107-46A1-BCB9-D1A715B74888}.Debug|Any CPU.Build.0 = Debug|Any CPU
		{22D76F8C-4107-46A1-BCB9-D1A715B74888}.Release|Any CPU.ActiveCfg = Release|Any CPU
		{22D76F8C-4107-46A1-BCB9-D1A715B74888}.Release|Any CPU.Build.0 = Release|Any CPU
		{31E03309-8C83-4C9C-9482-4DB62E324691}.Debug|Any CPU.ActiveCfg = Debug|Any CPU
		{31E03309-8C83-4C9C-9482-4DB62E324691}.Debug|Any CPU.Build.0 = Debug|Any CPU
		{31E03309-8C83-4C9C-9482-4DB62E324691}.Release|Any CPU.ActiveCfg = Release|Any CPU
		{31E03309-8C83-4C9C-9482-4DB62E324691}.Release|Any CPU.Build.0 = Release|Any CPU
		{47C2B6C1-01AA-4CA5-9856-2CF798473774}.Debug|Any CPU.ActiveCfg = Debug|Any CPU
		{47C2B6C1-01AA-4CA5-9856-2CF798473774}.Debug|Any CPU.Build.0 = Debug|Any CPU
		{47C2B6C1-01AA-4CA5-9856-2CF798473774}.Release|Any CPU.ActiveCfg = Release|Any CPU
		{47C2B6C1-01AA-4CA5-9856-2CF798473774}.Release|Any CPU.Build.0 = Release|Any CPU
		{20936495-FEC2-49D4-AFFB-17C9C0225FC1}.Debug|Any CPU.ActiveCfg = Debug|Any CPU
		{20936495-FEC2-49D4-AFFB-17C9C0225FC1}.Debug|Any CPU.Build.0 = Debug|Any CPU
		{20936495-FEC2-49D4-AFFB-17C9C0225FC1}.Release|Any CPU.ActiveCfg = Release|Any CPU
		{20936495-FEC2-49D4-AFFB-17C9C0225FC1}.Release|Any CPU.Build.0 = Release|Any CPU
	EndGlobalSection
	GlobalSection(SolutionProperties) = preSolution
		HideSolutionNode = FALSE
	EndGlobalSection
	GlobalSection(ExtensibilityGlobals) = postSolution
		SolutionGuid = {D41DC97B-348D-4960-BC14-59B29E7CFD15}
	EndGlobalSection
EndGlobal
